{
  "name": "client",
  "version": "1.0.0",
  "lockfileVersion": 1,
  "requires": true,
  "dependencies": {
    "abort-controller": {
      "version": "3.0.0",
      "resolved": "https://registry.npm.taobao.org/abort-controller/download/abort-controller-3.0.0.tgz",
      "integrity": "sha1-6vVNU7YrrkE46AnKIlyEOabvs5I=",
      "requires": {
        "event-target-shim": "^5.0.0"
      }
    },
    "base-x": {
      "version": "3.0.8",
      "resolved": "https://registry.npm.taobao.org/base-x/download/base-x-3.0.8.tgz",
      "integrity": "sha1-HhEGwlN/AWLotSR0pVfrsJAAAY0=",
      "requires": {
        "safe-buffer": "^5.0.1"
      }
    },
    "base64-js": {
      "version": "1.5.1",
      "resolved": "https://registry.npm.taobao.org/base64-js/download/base64-js-1.5.1.tgz",
      "integrity": "sha1-GxtEAWClv3rUC2UPCVljSBkDkwo="
    },
    "bignumber.js": {
      "version": "9.0.1",
      "resolved": "https://registry.npm.taobao.org/bignumber.js/download/bignumber.js-9.0.1.tgz",
      "integrity": "sha1-jXuhJMiCv9jkMmDGdHVRjQaJ5OU="
    },
    "blakejs": {
      "version": "1.1.1",
      "resolved": "https://registry.nlark.com/blakejs/download/blakejs-1.1.1.tgz",
      "integrity": "sha1-vzEwU5eLLNTERKSHlXEL4Fx4VwI="
    },
    "buffer": {
      "version": "5.7.1",
      "resolved": "https://registry.npm.taobao.org/buffer/download/buffer-5.7.1.tgz?cache=0&sync_timestamp=1606098100352&other_urls=https%3A%2F%2Fregistry.npm.taobao.org%2Fbuffer%2Fdownload%2Fbuffer-5.7.1.tgz",
      "integrity": "sha1-umLnwTEzBTWCGXFghRqPZI6Z7tA=",
      "requires": {
        "base64-js": "^1.3.1",
        "ieee754": "^1.1.13"
      }
    },
    "class-is": {
      "version": "1.1.0",
      "resolved": "https://registry.npm.taobao.org/class-is/download/class-is-1.1.0.tgz",
      "integrity": "sha1-nTwPugRA0hHYQ87D3t+kgFUAWCU="
    },
    "err-code": {
      "version": "2.0.3",
      "resolved": "https://registry.npm.taobao.org/err-code/download/err-code-2.0.3.tgz",
      "integrity": "sha1-I8Lzt1b/38YI0w4nyalBAkgH5/k="
    },
    "event-target-shim": {
      "version": "5.0.1",
      "resolved": "https://registry.npm.taobao.org/event-target-shim/download/event-target-shim-5.0.1.tgz",
      "integrity": "sha1-XU0+vflYPWOlMzzi3rdICrKwV4k="
    },
    "ieee754": {
      "version": "1.2.1",
      "resolved": "https://registry.npm.taobao.org/ieee754/download/ieee754-1.2.1.tgz?cache=0&sync_timestamp=1603838208740&other_urls=https%3A%2F%2Fregistry.npm.taobao.org%2Fieee754%2Fdownload%2Fieee754-1.2.1.tgz",
      "integrity": "sha1-jrehCmP/8l0VpXsAFYbRd9Gw01I="
    },
    "inherits": {
      "version": "2.0.4",
      "resolved": "https://registry.npm.taobao.org/inherits/download/inherits-2.0.4.tgz",
      "integrity": "sha1-D6LGT5MpF8NDOg3tVTY6rjdBa3w="
    },
    "is-circular": {
      "version": "1.0.2",
      "resolved": "https://registry.npm.taobao.org/is-circular/download/is-circular-1.0.2.tgz",
      "integrity": "sha1-Lgq06YNfTGsOormFWoSs1QG4Nmw="
    },
    "is-plain-obj": {
      "version": "2.1.0",
      "resolved": "https://registry.npm.taobao.org/is-plain-obj/download/is-plain-obj-2.1.0.tgz",
      "integrity": "sha1-ReQuN/zPH0Dajl927iFRWEDAkoc="
    },
    "iterable-ndjson": {
      "version": "1.1.0",
      "resolved": "https://registry.npm.taobao.org/iterable-ndjson/download/iterable-ndjson-1.1.0.tgz",
      "integrity": "sha1-NvfopbsE/Qh9OE8p5E/EKA/AFPw=",
      "requires": {
        "string_decoder": "^1.2.0"
      }
    },
    "js-sha3": {
      "version": "0.8.0",
      "resolved": "https://registry.npm.taobao.org/js-sha3/download/js-sha3-0.8.0.tgz",
      "integrity": "sha1-ubel2nOvrX3t0PjEY5VMveaBiEA="
    },
    "merge-options": {
      "version": "2.0.0",
      "resolved": "https://registry.npm.taobao.org/merge-options/download/merge-options-2.0.0.tgz",
      "integrity": "sha1-NspQOLrfw5dNveXli6idPfgIgsM=",
      "requires": {
        "is-plain-obj": "^2.0.0"
      }
    },
    "mini-ipfs": {
      "version": "0.1.0",
      "resolved": "https://registry.nlark.com/mini-ipfs/download/mini-ipfs-0.1.0.tgz",
      "integrity": "sha1-szBOJLp6AxkJePBcMjiqllcDSVE=",
      "requires": {
        "abort-controller": "^3.0.0",
        "bignumber.js": "^9.0.0",
        "buffer": "^5.6.0",
        "class-is": "^1.1.0",
        "is-circular": "^1.0.2",
        "iterable-ndjson": "^1.1.0",
        "merge-options": "^2.0.0",
        "multihashing-async": "^1.0.0",
        "p-defer": "^3.0.0",
        "readable-stream-miniprogram": "^0.1.11",
        "varint": "^5.0.0"
      }
    },
    "multibase": {
      "version": "1.0.1",
      "resolved": "https://registry.nlark.com/multibase/download/multibase-1.0.1.tgz",
      "integrity": "sha1-Stvh3gvooasCdDKLZTw/GQNHZyQ=",
      "requires": {
        "base-x": "^3.0.8",
        "buffer": "^5.5.0"
      }
    },
    "multihashes": {
      "version": "1.0.1",
      "resolved": "https://registry.npm.taobao.org/multihashes/download/multihashes-1.0.1.tgz?cache=0&sync_timestamp=1614779659257&other_urls=https%3A%2F%2Fregistry.npm.taobao.org%2Fmultihashes%2Fdownload%2Fmultihashes-1.0.1.tgz",
      "integrity": "sha1-qJQV1oKDz2KHxuIZ4wTnXOf7c/4=",
      "requires": {
        "buffer": "^5.6.0",
        "multibase": "^1.0.1",
        "varint": "^5.0.0"
      }
    },
    "multihashing-async": {
      "version": "1.0.0",
      "resolved": "https://registry.nlark.com/multihashing-async/download/multihashing-async-1.0.0.tgz",
      "integrity": "sha1-V4pd/8DUfKrJslVAbq4k8Cv/TlU=",
      "requires": {
        "blakejs": "^1.1.0",
        "buffer": "^5.4.3",
        "err-code": "^2.0.0",
        "js-sha3": "^0.8.0",
        "multihashes": "^1.0.1",
        "murmurhash3js-revisited": "^3.0.0"
      }
    },
    "murmurhash3js-revisited": {
      "version": "3.0.0",
      "resolved": "https://registry.npm.taobao.org/murmurhash3js-revisited/download/murmurhash3js-revisited-3.0.0.tgz",
      "integrity": "sha1-a9NuJd6PczlCIq3G5B+j+sCKWGk="
    },
    "node-fetch": {
      "version": "2.6.1",
      "resolved": "https://registry.nlark.com/node-fetch/download/node-fetch-2.6.1.tgz?cache=0&sync_timestamp=1626684723711&other_urls=https%3A%2F%2Fregistry.nlark.com%2Fnode-fetch%2Fdownload%2Fnode-fetch-2.6.1.tgz",
      "integrity": "sha1-BFvTI2Mfdu0uK1VXM5RBa2OaAFI="
    },
    "p-defer": {
      "version": "3.0.0",
      "resolved": "https://registry.nlark.com/p-defer/download/p-defer-3.0.0.tgz",
      "integrity": "sha1-0dzrTumytgSx2U/+yDdgF11Ob4M="
    },
    "readable-stream-miniprogram": {
      "version": "0.1.12",
      "resolved": "https://registry.npm.taobao.org/readable-stream-miniprogram/download/readable-stream-miniprogram-0.1.12.tgz",
      "integrity": "sha1-eovlC81OxTq1F7rcmZ9fu3r0SkM=",
      "requires": {
        "inherits": "^2.0.3",
        "string_decoder": "^1.1.1",
        "util-deprecate": "^1.0.1"
      }
    },
    "safe-buffer": {
      "version": "5.2.1",
      "resolved": "https://registry.npm.taobao.org/safe-buffer/download/safe-buffer-5.2.1.tgz",
      "integrity": "sha1-Hq+fqb2x/dTsdfWPnNtOa3gn7sY="
    },
    "string_decoder": {
      "version": "1.3.0",
      "resolved": "https://registry.npm.taobao.org/string_decoder/download/string_decoder-1.3.0.tgz",
      "integrity": "sha1-QvEUWUpGzxqOMLCoT1bHjD7awh4=",
      "requires": {
        "safe-buffer": "~5.2.0"
      }
    },
    "util-deprecate": {
      "version": "1.0.2",
      "resolved": "https://registry.npm.taobao.org/util-deprecate/download/util-deprecate-1.0.2.tgz",
      "integrity": "sha1-RQ1Nyfpw3nMnYvvS1KKJgUGaDM8="
    },
    "varint": {
      "version": "5.0.2",
      "resolved": "https://registry.npm.taobao.org/varint/download/varint-5.0.2.tgz",
      "integrity": "sha1-W0f4qUfrZouEjgNNz6h9D/in96Q="
    }
  }
}
